<Solution>
  <Folder Name="/src/">
    <Project Path="src/StockPilot.API/StockPilot.API.csproj" />
    <Project Path="src/StockPilot.Application/StockPilot.Application.csproj" />
    <Project Path="src/StockPilot.Domain/StockPilot.Domain.csproj" />
    <Project Path="src/StockPilot.Infrastructure/StockPilot.Infrastructure.csproj" />
  </Folder>
  <Folder Name="/tests/">
    <Project Path="tests/StockPilot.Tests/StockPilot.Tests.csproj" />
  </Folder>
</Solution>
